
Microsoft Visual Studio Solution File, Format Version 12.00
# Visual Studio Version 18
VisualStudioVersion = 18.3.11520.95
MinimumVisualStudioVersion = 10.0.40219.1
Project("{2150E333-8FDC-42A3-9474-1A3956D46DE8}") = "Code", "Code", "{02EA681E-C7D8-13C7-8484-4AC65E1B71E8}"
EndProject
Project("{2150E333-8FDC-42A3-9474-1A3956D46DE8}") = "Soft", "Soft", "{8D184FD7-B66F-48ED-9FF1-29B3E3F9E8AD}"
EndProject
Project("{2150E333-8FDC-42A3-9474-1A3956D46DE8}") = "Test", "Test", "{3CCE6F80-FE36-4489-B9F0-ED851719728B}"
EndProject
Project("{FAE04EC0-301F-11D3-BF4B-00C04F79EFBC}") = "Aids", "Code\Aids\Aids.csproj", "{E475D507-413F-8FF3-A4B4-C5DF5BD4DC04}"
EndProject
Project("{FAE04EC0-301F-11D3-BF4B-00C04F79EFBC}") = "Data", "Code\Data\Data.csproj", "{8EB5AF1E-2E1F-C4E7-DA22-399A8332FE5C}"
	ProjectSection(ProjectDependencies) = postProject
		{E475D507-413F-8FF3-A4B4-C5DF5BD4DC04} = {E475D507-413F-8FF3-A4B4-C5DF5BD4DC04}
	EndProjectSection
EndProject
Project("{FAE04EC0-301F-11D3-BF4B-00C04F79EFBC}") = "Infra", "Code\Infra\Infra.csproj", "{80736B21-183C-2E8B-AF64-187BAD668836}"
EndProject
Project("{FAE04EC0-301F-11D3-BF4B-00C04F79EFBC}") = "Logic", "Code\Logic\Logic.csproj", "{1E6E7DFF-D631-5E88-02E3-BEAC134A7103}"
EndProject
Project("{FAE04EC0-301F-11D3-BF4B-00C04F79EFBC}") = "Tests.Aids", "Tests\Tests.Aids\Tests.Aids.csproj", "{0F6CBD4C-DDE5-4A83-A07A-D113F744B462}"
EndProject
Project("{FAE04EC0-301F-11D3-BF4B-00C04F79EFBC}") = "Abc.Soft.Todo", "Soft\Abc.Soft.Todo\Abc.Soft.Todo\Abc.Soft.Todo.csproj", "{ACA0649E-D072-4DC3-A049-2A1410E45778}"
EndProject
Project("{FAE04EC0-301F-11D3-BF4B-00C04F79EFBC}") = "Abc.Soft.Todo.Client", "Soft\Abc.Soft.Todo\Abc.Soft.Todo.Client\Abc.Soft.Todo.Client.csproj", "{DAA1C3D1-E041-47E7-BE42-2D8FC84737D1}"
EndProject
Project("{2150E333-8FDC-42A3-9474-1A3956D46DE8}") = "Todo", "Todo", "{BF90AA2C-C214-486D-951E-B166FDED5AE9}"
EndProject
Project("{FAE04EC0-301F-11D3-BF4B-00C04F79EFBC}") = "Domain", "Domain\Domain.csproj", "{79DE7B09-FDE5-4C4E-B972-4E5DFB914008}"
	ProjectSection(ProjectDependencies) = postProject
		{8EB5AF1E-2E1F-C4E7-DA22-399A8332FE5C} = {8EB5AF1E-2E1F-C4E7-DA22-399A8332FE5C}
	EndProjectSection
EndProject
Project("{FAE04EC0-301F-11D3-BF4B-00C04F79EFBC}") = "Jobs", "Jobs\Jobs.csproj", "{9C92FEFB-F205-4423-BEE1-DA66CC1B9EEE}"
EndProject
Project("{2150E333-8FDC-42A3-9474-1A3956D46DE8}") = "Movies", "Movies", "{6764EBC7-EFAC-442D-B517-33E6D5383141}"
EndProject
Project("{FAE04EC0-301F-11D3-BF4B-00C04F79EFBC}") = "BlazorWebAppMovies", "Soft\movies\BlazorWebAppMovies\BlazorWebAppMovies.csproj", "{08326408-865C-F609-F1A0-FB58996B7CAA}"
EndProject
Project("{FAE04EC0-301F-11D3-BF4B-00C04F79EFBC}") = "Blazor.ServiceDefaults", "Blazor.ServiceDefaults\Blazor.ServiceDefaults.csproj", "{BF1E6297-B401-B772-F0EE-2333FA666CBC}"
EndProject
Project("{FAE04EC0-301F-11D3-BF4B-00C04F79EFBC}") = "Shared", "Code\Shared\Shared.csproj", "{EEEC7A84-420F-4BDE-B35C-5898D45863A3}"
EndProject
Global
	GlobalSection(SolutionConfigurationPlatforms) = preSolution
		Debug|Any CPU = Debug|Any CPU
		Release|Any CPU = Release|Any CPU
	EndGlobalSection
	GlobalSection(ProjectConfigurationPlatforms) = postSolution
		{E475D507-413F-8FF3-A4B4-C5DF5BD4DC04}.Debug|Any CPU.ActiveCfg = Debug|Any CPU
		{E475D507-413F-8FF3-A4B4-C5DF5BD4DC04}.Debug|Any CPU.Build.0 = Debug|Any CPU
		{E475D507-413F-8FF3-A4B4-C5DF5BD4DC04}.Release|Any CPU.ActiveCfg = Release|Any CPU
		{E475D507-413F-8FF3-A4B4-C5DF5BD4DC04}.Release|Any CPU.Build.0 = Release|Any CPU
		{8EB5AF1E-2E1F-C4E7-DA22-399A8332FE5C}.Debug|Any CPU.ActiveCfg = Debug|Any CPU
		{8EB5AF1E-2E1F-C4E7-DA22-399A8332FE5C}.Debug|Any CPU.Build.0 = Debug|Any CPU
		{8EB5AF1E-2E1F-C4E7-DA22-399A8332FE5C}.Release|Any CPU.ActiveCfg = Release|Any CPU
		{8EB5AF1E-2E1F-C4E7-DA22-399A8332FE5C}.Release|Any CPU.Build.0 = Release|Any CPU
		{80736B21-183C-2E8B-AF64-187BAD668836}.Debug|Any CPU.ActiveCfg = Debug|Any CPU
		{80736B21-183C-2E8B-AF64-187BAD668836}.Debug|Any CPU.Build.0 = Debug|Any CPU
		{80736B21-183C-2E8B-AF64-187BAD668836}.Release|Any CPU.ActiveCfg = Release|Any CPU
		{80736B21-183C-2E8B-AF64-187BAD668836}.Release|Any CPU.Build.0 = Release|Any CPU
		{1E6E7DFF-D631-5E88-02E3-BEAC134A7103}.Debug|Any CPU.ActiveCfg = Debug|Any CPU
		{1E6E7DFF-D631-5E88-02E3-BEAC134A7103}.Debug|Any CPU.Build.0 = Debug|Any CPU
		{1E6E7DFF-D631-5E88-02E3-BEAC134A7103}.Release|Any CPU.ActiveCfg = Release|Any CPU
		{1E6E7DFF-D631-5E88-02E3-BEAC134A7103}.Release|Any CPU.Build.0 = Release|Any CPU
		{0F6CBD4C-DDE5-4A83-A07A-D113F744B462}.Debug|Any CPU.ActiveCfg = Debug|Any CPU
		{0F6CBD4C-DDE5-4A83-A07A-D113F744B462}.Debug|Any CPU.Build.0 = Debug|Any CPU
		{0F6CBD4C-DDE5-4A83-A07A-D113F744B462}.Release|Any CPU.ActiveCfg = Release|Any CPU
		{0F6CBD4C-DDE5-4A83-A07A-D113F744B462}.Release|Any CPU.Build.0 = Release|Any CPU
		{ACA0649E-D072-4DC3-A049-2A1410E45778}.Debug|Any CPU.ActiveCfg = Debug|Any CPU
		{ACA0649E-D072-4DC3-A049-2A1410E45778}.Debug|Any CPU.Build.0 = Debug|Any CPU
		{ACA0649E-D072-4DC3-A049-2A1410E45778}.Release|Any CPU.ActiveCfg = Release|Any CPU
		{ACA0649E-D072-4DC3-A049-2A1410E45778}.Release|Any CPU.Build.0 = Release|Any CPU
		{DAA1C3D1-E041-47E7-BE42-2D8FC84737D1}.Debug|Any CPU.ActiveCfg = Debug|Any CPU
		{DAA1C3D1-E041-47E7-BE42-2D8FC84737D1}.Debug|Any CPU.Build.0 = Debug|Any CPU
		{DAA1C3D1-E041-47E7-BE42-2D8FC84737D1}.Release|Any CPU.ActiveCfg = Release|Any CPU
		{DAA1C3D1-E041-47E7-BE42-2D8FC84737D1}.Release|Any CPU.Build.0 = Release|Any CPU
		{79DE7B09-FDE5-4C4E-B972-4E5DFB914008}.Debug|Any CPU.ActiveCfg = Debug|Any CPU
		{79DE7B09-FDE5-4C4E-B972-4E5DFB914008}.Debug|Any CPU.Build.0 = Debug|Any CPU
		{79DE7B09-FDE5-4C4E-B972-4E5DFB914008}.Release|Any CPU.ActiveCfg = Release|Any CPU
		{79DE7B09-FDE5-4C4E-B972-4E5DFB914008}.Release|Any CPU.Build.0 = Release|Any CPU
		{9C92FEFB-F205-4423-BEE1-DA66CC1B9EEE}.Debug|Any CPU.ActiveCfg = Debug|Any CPU
		{9C92FEFB-F205-4423-BEE1-DA66CC1B9EEE}.Debug|Any CPU.Build.0 = Debug|Any CPU
		{9C92FEFB-F205-4423-BEE1-DA66CC1B9EEE}.Release|Any CPU.ActiveCfg = Release|Any CPU
		{9C92FEFB-F205-4423-BEE1-DA66CC1B9EEE}.Release|Any CPU.Build.0 = Release|Any CPU
		{08326408-865C-F609-F1A0-FB58996B7CAA}.Debug|Any CPU.ActiveCfg = Debug|Any CPU
		{08326408-865C-F609-F1A0-FB58996B7CAA}.Debug|Any CPU.Build.0 = Debug|Any CPU
		{08326408-865C-F609-F1A0-FB58996B7CAA}.Release|Any CPU.ActiveCfg = Release|Any CPU
		{08326408-865C-F609-F1A0-FB58996B7CAA}.Release|Any CPU.Build.0 = Release|Any CPU
		{BF1E6297-B401-B772-F0EE-2333FA666CBC}.Debug|Any CPU.ActiveCfg = Debug|Any CPU
		{BF1E6297-B401-B772-F0EE-2333FA666CBC}.Debug|Any CPU.Build.0 = Debug|Any CPU
		{BF1E6297-B401-B772-F0EE-2333FA666CBC}.Release|Any CPU.ActiveCfg = Release|Any CPU
		{BF1E6297-B401-B772-F0EE-2333FA666CBC}.Release|Any CPU.Build.0 = Release|Any CPU
		{EEEC7A84-420F-4BDE-B35C-5898D45863A3}.Debug|Any CPU.ActiveCfg = Debug|Any CPU
		{EEEC7A84-420F-4BDE-B35C-5898D45863A3}.Debug|Any CPU.Build.0 = Debug|Any CPU
		{EEEC7A84-420F-4BDE-B35C-5898D45863A3}.Release|Any CPU.ActiveCfg = Release|Any CPU
		{EEEC7A84-420F-4BDE-B35C-5898D45863A3}.Release|Any CPU.Build.0 = Release|Any CPU
	EndGlobalSection
	GlobalSection(SolutionProperties) = preSolution
		HideSolutionNode = FALSE
	EndGlobalSection
	GlobalSection(NestedProjects) = preSolution
		{E475D507-413F-8FF3-A4B4-C5DF5BD4DC04} = {02EA681E-C7D8-13C7-8484-4AC65E1B71E8}
		{8EB5AF1E-2E1F-C4E7-DA22-399A8332FE5C} = {02EA681E-C7D8-13C7-8484-4AC65E1B71E8}
		{80736B21-183C-2E8B-AF64-187BAD668836} = {02EA681E-C7D8-13C7-8484-4AC65E1B71E8}
		{1E6E7DFF-D631-5E88-02E3-BEAC134A7103} = {02EA681E-C7D8-13C7-8484-4AC65E1B71E8}
		{0F6CBD4C-DDE5-4A83-A07A-D113F744B462} = {3CCE6F80-FE36-4489-B9F0-ED851719728B}
		{ACA0649E-D072-4DC3-A049-2A1410E45778} = {BF90AA2C-C214-486D-951E-B166FDED5AE9}
		{DAA1C3D1-E041-47E7-BE42-2D8FC84737D1} = {BF90AA2C-C214-486D-951E-B166FDED5AE9}
		{BF90AA2C-C214-486D-951E-B166FDED5AE9} = {8D184FD7-B66F-48ED-9FF1-29B3E3F9E8AD}
		{79DE7B09-FDE5-4C4E-B972-4E5DFB914008} = {02EA681E-C7D8-13C7-8484-4AC65E1B71E8}
		{9C92FEFB-F205-4423-BEE1-DA66CC1B9EEE} = {02EA681E-C7D8-13C7-8484-4AC65E1B71E8}
		{6764EBC7-EFAC-442D-B517-33E6D5383141} = {8D184FD7-B66F-48ED-9FF1-29B3E3F9E8AD}
		{08326408-865C-F609-F1A0-FB58996B7CAA} = {6764EBC7-EFAC-442D-B517-33E6D5383141}
		{EEEC7A84-420F-4BDE-B35C-5898D45863A3} = {02EA681E-C7D8-13C7-8484-4AC65E1B71E8}
	EndGlobalSection
	GlobalSection(ExtensibilityGlobals) = postSolution
		SolutionGuid = {1F0F037C-24AB-488A-9582-F0B19AA6F177}
	EndGlobalSection
EndGlobal
